
Microsoft Visual Studio Solution File, Format Version 12.00
# Visual Studio 15
VisualStudioVersion = 15.0.28307.271
MinimumVisualStudioVersion = 10.0.40219.1
Project("{FAE04EC0-301F-11D3-BF4B-00C04F79EFBC}") = "ArtistWebLayer", "ArtistWebLayer\ArtistWebLayer.csproj", "{7401CA3B-BCDD-4B9F-8D4D-96AEB181EF32}"
EndProject
Global
	GlobalSection(SolutionConfigurationPlatforms) = preSolution
		Debug|Any CPU = Debug|Any CPU
		Release|Any CPU = Release|Any CPU
	EndGlobalSection
	GlobalSection(ProjectConfigurationPlatforms) = postSolution
		{7401CA3B-BCDD-4B9F-8D4D-96AEB181EF32}.Debug|Any CPU.ActiveCfg = Debug|Any CPU
		{7401CA3B-BCDD-4B9F-8D4D-96AEB181EF32}.Debug|Any CPU.Build.0 = Debug|Any CPU
		{7401CA3B-BCDD-4B9F-8D4D-96AEB181EF32}.Release|Any CPU.ActiveCfg = Release|Any CPU
		{7401CA3B-BCDD-4B9F-8D4D-96AEB181EF32}.Release|Any CPU.Build.0 = Release|Any CPU
	EndGlobalSection
	GlobalSection(SolutionProperties) = preSolution
		HideSolutionNode = FALSE
	EndGlobalSection
	GlobalSection(ExtensibilityGlobals) = postSolution
		SolutionGuid = {48D01551-D89B-45AB-A76C-6EF1687A34B6}
	EndGlobalSection
EndGlobal
